
Microsoft Visual Studio Solution File, Format Version 12.00
# Visual Studio Version 17
VisualStudioVersion = 17.4.33122.133
MinimumVisualStudioVersion = 10.0.40219.1
Project("{9A19103F-16F7-4668-BE54-9A1E7A4F7556}") = "DAL", "CourseWork\DAL.csproj", "{7364AAB3-D8A7-4CFB-BD5E-B79C7128EC93}"
EndProject
Project("{9A19103F-16F7-4668-BE54-9A1E7A4F7556}") = "BLL", "BLL\BLL.csproj", "{EC353C3B-AE7E-4F61-A89D-2EF553FEA50E}"
EndProject
Project("{FAE04EC0-301F-11D3-BF4B-00C04F79EFBC}") = "UIL", "UIL\UIL.csproj", "{D8DF4E00-B426-4BB8-B782-9D29687B6D28}"
	ProjectSection(ProjectDependencies) = postProject
		{EC353C3B-AE7E-4F61-A89D-2EF553FEA50E} = {EC353C3B-AE7E-4F61-A89D-2EF553FEA50E}
	EndProjectSection
EndProject
Global
	GlobalSection(SolutionConfigurationPlatforms) = preSolution
		Debug|Any CPU = Debug|Any CPU
		Release|Any CPU = Release|Any CPU
	EndGlobalSection
	GlobalSection(ProjectConfigurationPlatforms) = postSolution
		{7364AAB3-D8A7-4CFB-BD5E-B79C7128EC93}.Debug|Any CPU.ActiveCfg = Debug|Any CPU
		{7364AAB3-D8A7-4CFB-BD5E-B79C7128EC93}.Debug|Any CPU.Build.0 = Debug|Any CPU
		{7364AAB3-D8A7-4CFB-BD5E-B79C7128EC93}.Release|Any CPU.ActiveCfg = Release|Any CPU
		{7364AAB3-D8A7-4CFB-BD5E-B79C7128EC93}.Release|Any CPU.Build.0 = Release|Any CPU
		{EC353C3B-AE7E-4F61-A89D-2EF553FEA50E}.Debug|Any CPU.ActiveCfg = Debug|Any CPU
		{EC353C3B-AE7E-4F61-A89D-2EF553FEA50E}.Debug|Any CPU.Build.0 = Debug|Any CPU
		{EC353C3B-AE7E-4F61-A89D-2EF553FEA50E}.Release|Any CPU.ActiveCfg = Release|Any CPU
		{EC353C3B-AE7E-4F61-A89D-2EF553FEA50E}.Release|Any CPU.Build.0 = Release|Any CPU
		{D8DF4E00-B426-4BB8-B782-9D29687B6D28}.Debug|Any CPU.ActiveCfg = Debug|Any CPU
		{D8DF4E00-B426-4BB8-B782-9D29687B6D28}.Debug|Any CPU.Build.0 = Debug|Any CPU
		{D8DF4E00-B426-4BB8-B782-9D29687B6D28}.Release|Any CPU.ActiveCfg = Release|Any CPU
		{D8DF4E00-B426-4BB8-B782-9D29687B6D28}.Release|Any CPU.Build.0 = Release|Any CPU
	EndGlobalSection
	GlobalSection(SolutionProperties) = preSolution
		HideSolutionNode = FALSE
	EndGlobalSection
	GlobalSection(ExtensibilityGlobals) = postSolution
		SolutionGuid = {933AD547-189A-40AE-8034-2A692E166ABE}
	EndGlobalSection
EndGlobal
